
Microsoft Visual Studio Solution File, Format Version 12.00
# Visual Studio Version 17
VisualStudioVersion = 17.3.32929.385
MinimumVisualStudioVersion = 10.0.40219.1
Project("{9A19103F-16F7-4668-BE54-9A1E7A4F7556}") = "minimalapp", "minimalapp.csproj", "{A865E4CE-06C7-4AAA-AAE7-94E0083A6B56}"
EndProject
Global
	GlobalSection(SolutionConfigurationPlatforms) = preSolution
		Debug|Any CPU = Debug|Any CPU
		Release|Any CPU = Release|Any CPU
	EndGlobalSection
	GlobalSection(ProjectConfigurationPlatforms) = postSolution
		{A865E4CE-06C7-4AAA-AAE7-94E0083A6B56}.Debug|Any CPU.ActiveCfg = Debug|Any CPU
		{A865E4CE-06C7-4AAA-AAE7-94E0083A6B56}.Debug|Any CPU.Build.0 = Debug|Any CPU
		{A865E4CE-06C7-4AAA-AAE7-94E0083A6B56}.Release|Any CPU.ActiveCfg = Release|Any CPU
		{A865E4CE-06C7-4AAA-AAE7-94E0083A6B56}.Release|Any CPU.Build.0 = Release|Any CPU
	EndGlobalSection
	GlobalSection(SolutionProperties) = preSolution
		HideSolutionNode = FALSE
	EndGlobalSection
	GlobalSection(ExtensibilityGlobals) = postSolution
		SolutionGuid = {F7700651-79FB-4145-B068-5CBE99B17AD9}
	EndGlobalSection
EndGlobal
